
Microsoft Visual Studio Solution File, Format Version 12.00
# Visual Studio 15
VisualStudioVersion = 15.0.28307.1321
MinimumVisualStudioVersion = 10.0.40219.1
Project("{FAE04EC0-301F-11D3-BF4B-00C04F79EFBC}") = "TestGeneratorLib", "TestGeneratorLib\TestGeneratorLib.csproj", "{42295DE3-7A9E-4EAC-9C69-6357779C7047}"
EndProject
Project("{FAE04EC0-301F-11D3-BF4B-00C04F79EFBC}") = "TestGenerator", "TestGenerator\TestGenerator.csproj", "{5693BC3A-8D27-497F-966D-B93F890DD0EB}"
EndProject
Project("{FAE04EC0-301F-11D3-BF4B-00C04F79EFBC}") = "Tests", "Tests\Tests.csproj", "{34F1A9C3-6275-49A9-9D1C-697A378B6E94}"
EndProject
Global
	GlobalSection(SolutionConfigurationPlatforms) = preSolution
		Debug|Any CPU = Debug|Any CPU
		Release|Any CPU = Release|Any CPU
	EndGlobalSection
	GlobalSection(ProjectConfigurationPlatforms) = postSolution
		{42295DE3-7A9E-4EAC-9C69-6357779C7047}.Debug|Any CPU.ActiveCfg = Debug|Any CPU
		{42295DE3-7A9E-4EAC-9C69-6357779C7047}.Debug|Any CPU.Build.0 = Debug|Any CPU
		{42295DE3-7A9E-4EAC-9C69-6357779C7047}.Release|Any CPU.ActiveCfg = Release|Any CPU
		{42295DE3-7A9E-4EAC-9C69-6357779C7047}.Release|Any CPU.Build.0 = Release|Any CPU
		{5693BC3A-8D27-497F-966D-B93F890DD0EB}.Debug|Any CPU.ActiveCfg = Debug|Any CPU
		{5693BC3A-8D27-497F-966D-B93F890DD0EB}.Debug|Any CPU.Build.0 = Debug|Any CPU
		{5693BC3A-8D27-497F-966D-B93F890DD0EB}.Release|Any CPU.ActiveCfg = Release|Any CPU
		{5693BC3A-8D27-497F-966D-B93F890DD0EB}.Release|Any CPU.Build.0 = Release|Any CPU
		{34F1A9C3-6275-49A9-9D1C-697A378B6E94}.Debug|Any CPU.ActiveCfg = Debug|Any CPU
		{34F1A9C3-6275-49A9-9D1C-697A378B6E94}.Debug|Any CPU.Build.0 = Debug|Any CPU
		{34F1A9C3-6275-49A9-9D1C-697A378B6E94}.Release|Any CPU.ActiveCfg = Release|Any CPU
		{34F1A9C3-6275-49A9-9D1C-697A378B6E94}.Release|Any CPU.Build.0 = Release|Any CPU
	EndGlobalSection
	GlobalSection(SolutionProperties) = preSolution
		HideSolutionNode = FALSE
	EndGlobalSection
	GlobalSection(ExtensibilityGlobals) = postSolution
		SolutionGuid = {34B09566-7A2D-48B0-A5EF-B1C0D96F64F8}
	EndGlobalSection
EndGlobal
